# This file is autogenerated, do not edit; changes may be undone by the next 'dep ensure'.


[[projects]]
  name = "github.com/aws/aws-sdk-go-v2"
  packages = ["."]
  revision = "3383499f1024e86a3c68200f9bdc6759ee20eb70"
  version = "v2.0.0-preview.3"

[solve-meta]
  analyzer-name = "dep"
  analyzer-version = 1
  inputs-digest = "95f13ffe7b0b520365c6183c80ab1f786e1f874f64f809801336cebbdc728cb4"
  solver-name = "gps-cdcl"
  solver-version = 1
